
Microsoft Visual Studio Solution File, Format Version 12.00
# Visual Studio Version 17
VisualStudioVersion = 17.10.35122.118
MinimumVisualStudioVersion = 10.0.40219.1
Project("{9A19103F-16F7-4668-BE54-9A1E7A4F7556}") = "Jeux_Olympiques", "Jeux_Olympiques.csproj", "{4E7C1590-1996-44B0-8706-E65682C09F94}"
EndProject
Project("{9A19103F-16F7-4668-BE54-9A1E7A4F7556}") = "Jeux_OlympiquesTests", "UnitTests\Jeux_OlympiquesTests.csproj", "{79FB6C3F-760A-40E5-86CD-56EB056C5CB4}"
EndProject
Global
	GlobalSection(SolutionConfigurationPlatforms) = preSolution
		Debug|Any CPU = Debug|Any CPU
		Release|Any CPU = Release|Any CPU
	EndGlobalSection
	GlobalSection(ProjectConfigurationPlatforms) = postSolution
		{4E7C1590-1996-44B0-8706-E65682C09F94}.Debug|Any CPU.ActiveCfg = Debug|Any CPU
		{4E7C1590-1996-44B0-8706-E65682C09F94}.Debug|Any CPU.Build.0 = Debug|Any CPU
		{4E7C1590-1996-44B0-8706-E65682C09F94}.Release|Any CPU.ActiveCfg = Release|Any CPU
		{4E7C1590-1996-44B0-8706-E65682C09F94}.Release|Any CPU.Build.0 = Release|Any CPU
		{79FB6C3F-760A-40E5-86CD-56EB056C5CB4}.Debug|Any CPU.ActiveCfg = Debug|Any CPU
		{79FB6C3F-760A-40E5-86CD-56EB056C5CB4}.Debug|Any CPU.Build.0 = Debug|Any CPU
		{79FB6C3F-760A-40E5-86CD-56EB056C5CB4}.Release|Any CPU.ActiveCfg = Release|Any CPU
		{79FB6C3F-760A-40E5-86CD-56EB056C5CB4}.Release|Any CPU.Build.0 = Release|Any CPU
	EndGlobalSection
	GlobalSection(SolutionProperties) = preSolution
		HideSolutionNode = FALSE
	EndGlobalSection
	GlobalSection(ExtensibilityGlobals) = postSolution
		SolutionGuid = {281D7FF0-B8DC-4051-BB72-CA5093492A11}
	EndGlobalSection
EndGlobal
